<?xml version="1.0" encoding="UTF-8" standalone="yes" ?>
<CodeBlocks_project_file>
	<FileVersion major="1" minor="6" />
	<Project>
		<Option title="RolePlayingGame" />
		<Option pch_mode="2" />
		<Option compiler="gcc" />
		<Build>
			<Target title="Debug">
				<Option output="bin/Debug/RolePlayingGame" prefix_auto="1" extension_auto="1" />
				<Option object_output="obj/Debug/" />
				<Option type="1" />
				<Option compiler="gcc" />
				<Compiler>
					<Add option="-g" />
				</Compiler>
				<Linker>
					<Add library="sfml-graphics-d" />
					<Add library="sfml-window-d" />
					<Add library="sfml-system-d" />
				</Linker>
			</Target>
			<Target title="Release">
				<Option output="bin/Release/RolePlayingGame" prefix_auto="1" extension_auto="1" />
				<Option object_output="obj/Release/" />
				<Option type="0" />
				<Option compiler="gcc" />
				<Compiler>
					<Add option="-O2" />
				</Compiler>
				<Linker>
					<Add option="-s" />
					<Add library="sfml-graphics" />
					<Add library="sfml-window" />
					<Add library="sfml-system" />
				</Linker>
			</Target>
		</Build>
		<Compiler>
			<Add option="-Wall" />
			<Add directory="C:/Program Files/SFML-2.5.1-windows-gcc-7.3.0-mingw-64-bit/SFML-2.5.1/include" />
		</Compiler>
		<Linker>
			<Add library="mingw32" />
			<Add library="user32" />
			<Add library="gdi32" />
			<Add library="winmm" />
			<Add library="dxguid" />
			<Add directory="C:/Program Files/SFML-2.5.1-windows-gcc-7.3.0-mingw-64-bit/SFML-2.5.1/lib" />
		</Linker>
		<Unit filename="AnimationComponent.cpp" />
		<Unit filename="AnimationComponent.hpp" />
		<Unit filename="Button.cpp" />
		<Unit filename="Button.hpp" />
		<Unit filename="Config/gameStateKeybinds.ini" />
		<Unit filename="Config/mainMenuKeybinds.ini" />
		<Unit filename="Config/supportedKeys.ini" />
		<Unit filename="Config/window.ini" />
		<Unit filename="Entity.cpp" />
		<Unit filename="Entity.hpp" />
		<Unit filename="Font/consola.ttf" />
		<Unit filename="Font/consolab.ttf" />
		<Unit filename="Font/consolai.ttf" />
		<Unit filename="Font/consolaz.ttf" />
		<Unit filename="Game.cpp" />
		<Unit filename="Game.hpp" />
		<Unit filename="GameState.cpp" />
		<Unit filename="GameState.hpp" />
		<Unit filename="MainMenuState.cpp" />
		<Unit filename="MainMenuState.hpp" />
		<Unit filename="MovementComponents.cpp" />
		<Unit filename="MovementComponents.hpp" />
		<Unit filename="Player.cpp" />
		<Unit filename="Player.hpp" />
		<Unit filename="Resources/Images/Backgrounds/bg1.png" />
		<Unit filename="Resources/Images/Backgrounds/bg2.png" />
		<Unit filename="Resources/Images/Backgrounds/bg3.png" />
		<Unit filename="Resources/Images/Sprites/Player/img1.png" />
		<Unit filename="State.cpp" />
		<Unit filename="State.hpp" />
		<Unit filename="main.cpp" />
		<Extensions>
			<lib_finder disable_auto="1" />
		</Extensions>
	</Project>
</CodeBlocks_project_file>
